
Microsoft Visual Studio Solution File, Format Version 12.00
# Visual Studio 2012
Project("{FAE04EC0-301F-11D3-BF4B-00C04F79EFBC}") = "Wydatki", "Wydatki\Wydatki.csproj", "{7FF1620E-9BF2-4797-A761-88258632089A}"
EndProject
Project("{FAE04EC0-301F-11D3-BF4B-00C04F79EFBC}") = "Models", "Models\Models.csproj", "{F49CE0BC-A138-4A54-8655-B76D7E33F541}"
EndProject
Project("{FAE04EC0-301F-11D3-BF4B-00C04F79EFBC}") = "WebRepositiories", "WebRepositiories\WebRepositiories.csproj", "{231A982D-1132-4EED-AAFF-0D92C003ECFC}"
EndProject
Global
	GlobalSection(SolutionConfigurationPlatforms) = preSolution
		Debug|Any CPU = Debug|Any CPU
		Debug|ARM = Debug|ARM
		Debug|x64 = Debug|x64
		Debug|x86 = Debug|x86
		Release|Any CPU = Release|Any CPU
		Release|ARM = Release|ARM
		Release|x64 = Release|x64
		Release|x86 = Release|x86
	EndGlobalSection
	GlobalSection(ProjectConfigurationPlatforms) = postSolution
		{7FF1620E-9BF2-4797-A761-88258632089A}.Debug|Any CPU.ActiveCfg = Debug|Any CPU
		{7FF1620E-9BF2-4797-A761-88258632089A}.Debug|Any CPU.Build.0 = Debug|Any CPU
		{7FF1620E-9BF2-4797-A761-88258632089A}.Debug|Any CPU.Deploy.0 = Debug|Any CPU
		{7FF1620E-9BF2-4797-A761-88258632089A}.Debug|ARM.ActiveCfg = Debug|ARM
		{7FF1620E-9BF2-4797-A761-88258632089A}.Debug|ARM.Build.0 = Debug|ARM
		{7FF1620E-9BF2-4797-A761-88258632089A}.Debug|ARM.Deploy.0 = Debug|ARM
		{7FF1620E-9BF2-4797-A761-88258632089A}.Debug|x64.ActiveCfg = Debug|x64
		{7FF1620E-9BF2-4797-A761-88258632089A}.Debug|x64.Build.0 = Debug|x64
		{7FF1620E-9BF2-4797-A761-88258632089A}.Debug|x64.Deploy.0 = Debug|x64
		{7FF1620E-9BF2-4797-A761-88258632089A}.Debug|x86.ActiveCfg = Debug|x86
		{7FF1620E-9BF2-4797-A761-88258632089A}.Debug|x86.Build.0 = Debug|x86
		{7FF1620E-9BF2-4797-A761-88258632089A}.Debug|x86.Deploy.0 = Debug|x86
		{7FF1620E-9BF2-4797-A761-88258632089A}.Release|Any CPU.ActiveCfg = Release|Any CPU
		{7FF1620E-9BF2-4797-A761-88258632089A}.Release|Any CPU.Build.0 = Release|Any CPU
		{7FF1620E-9BF2-4797-A761-88258632089A}.Release|Any CPU.Deploy.0 = Release|Any CPU
		{7FF1620E-9BF2-4797-A761-88258632089A}.Release|ARM.ActiveCfg = Release|ARM
		{7FF1620E-9BF2-4797-A761-88258632089A}.Release|ARM.Build.0 = Release|ARM
		{7FF1620E-9BF2-4797-A761-88258632089A}.Release|ARM.Deploy.0 = Release|ARM
		{7FF1620E-9BF2-4797-A761-88258632089A}.Release|x64.ActiveCfg = Release|x64
		{7FF1620E-9BF2-4797-A761-88258632089A}.Release|x64.Build.0 = Release|x64
		{7FF1620E-9BF2-4797-A761-88258632089A}.Release|x64.Deploy.0 = Release|x64
		{7FF1620E-9BF2-4797-A761-88258632089A}.Release|x86.ActiveCfg = Release|x86
		{7FF1620E-9BF2-4797-A761-88258632089A}.Release|x86.Build.0 = Release|x86
		{7FF1620E-9BF2-4797-A761-88258632089A}.Release|x86.Deploy.0 = Release|x86
		{F49CE0BC-A138-4A54-8655-B76D7E33F541}.Debug|Any CPU.ActiveCfg = Debug|Any CPU
		{F49CE0BC-A138-4A54-8655-B76D7E33F541}.Debug|Any CPU.Build.0 = Debug|Any CPU
		{F49CE0BC-A138-4A54-8655-B76D7E33F541}.Debug|ARM.ActiveCfg = Debug|ARM
		{F49CE0BC-A138-4A54-8655-B76D7E33F541}.Debug|ARM.Build.0 = Debug|ARM
		{F49CE0BC-A138-4A54-8655-B76D7E33F541}.Debug|x64.ActiveCfg = Debug|x64
		{F49CE0BC-A138-4A54-8655-B76D7E33F541}.Debug|x64.Build.0 = Debug|x64
		{F49CE0BC-A138-4A54-8655-B76D7E33F541}.Debug|x86.ActiveCfg = Debug|x86
		{F49CE0BC-A138-4A54-8655-B76D7E33F541}.Debug|x86.Build.0 = Debug|x86
		{F49CE0BC-A138-4A54-8655-B76D7E33F541}.Release|Any CPU.ActiveCfg = Release|Any CPU
		{F49CE0BC-A138-4A54-8655-B76D7E33F541}.Release|Any CPU.Build.0 = Release|Any CPU
		{F49CE0BC-A138-4A54-8655-B76D7E33F541}.Release|ARM.ActiveCfg = Release|ARM
		{F49CE0BC-A138-4A54-8655-B76D7E33F541}.Release|ARM.Build.0 = Release|ARM
		{F49CE0BC-A138-4A54-8655-B76D7E33F541}.Release|x64.ActiveCfg = Release|x64
		{F49CE0BC-A138-4A54-8655-B76D7E33F541}.Release|x64.Build.0 = Release|x64
		{F49CE0BC-A138-4A54-8655-B76D7E33F541}.Release|x86.ActiveCfg = Release|x86
		{F49CE0BC-A138-4A54-8655-B76D7E33F541}.Release|x86.Build.0 = Release|x86
		{231A982D-1132-4EED-AAFF-0D92C003ECFC}.Debug|Any CPU.ActiveCfg = Debug|Any CPU
		{231A982D-1132-4EED-AAFF-0D92C003ECFC}.Debug|Any CPU.Build.0 = Debug|Any CPU
		{231A982D-1132-4EED-AAFF-0D92C003ECFC}.Debug|ARM.ActiveCfg = Debug|ARM
		{231A982D-1132-4EED-AAFF-0D92C003ECFC}.Debug|ARM.Build.0 = Debug|ARM
		{231A982D-1132-4EED-AAFF-0D92C003ECFC}.Debug|x64.ActiveCfg = Debug|x64
		{231A982D-1132-4EED-AAFF-0D92C003ECFC}.Debug|x64.Build.0 = Debug|x64
		{231A982D-1132-4EED-AAFF-0D92C003ECFC}.Debug|x86.ActiveCfg = Debug|x86
		{231A982D-1132-4EED-AAFF-0D92C003ECFC}.Debug|x86.Build.0 = Debug|x86
		{231A982D-1132-4EED-AAFF-0D92C003ECFC}.Release|Any CPU.ActiveCfg = Release|Any CPU
		{231A982D-1132-4EED-AAFF-0D92C003ECFC}.Release|Any CPU.Build.0 = Release|Any CPU
		{231A982D-1132-4EED-AAFF-0D92C003ECFC}.Release|ARM.ActiveCfg = Release|ARM
		{231A982D-1132-4EED-AAFF-0D92C003ECFC}.Release|ARM.Build.0 = Release|ARM
		{231A982D-1132-4EED-AAFF-0D92C003ECFC}.Release|x64.ActiveCfg = Release|x64
		{231A982D-1132-4EED-AAFF-0D92C003ECFC}.Release|x64.Build.0 = Release|x64
		{231A982D-1132-4EED-AAFF-0D92C003ECFC}.Release|x86.ActiveCfg = Release|x86
		{231A982D-1132-4EED-AAFF-0D92C003ECFC}.Release|x86.Build.0 = Release|x86
	EndGlobalSection
	GlobalSection(SolutionProperties) = preSolution
		HideSolutionNode = FALSE
	EndGlobalSection
EndGlobal
